{
  "name": "server",
  "version": "1.0.0",
  "lockfileVersion": 1,
  "requires": true,
  "dependencies": {
    "bulma": {
      "version": "0.7.1",
      "resolved": "http://registry.npm.taobao.org/bulma/download/bulma-0.7.1.tgz",
      "integrity": "sha1-c8LjspMMkMwnICnL0ZkYtJP8pIY="
    },
    "commander": {
      "version": "2.15.1",
      "resolved": "http://registry.npm.taobao.org/commander/download/commander-2.15.1.tgz",
      "integrity": "sha1-30boZ9D8Kuxmo0ZitAapzK//Ww8=",
      "dev": true
    },
    "mockjs": {
      "version": "1.0.1-beta3",
      "resolved": "http://registry.npm.taobao.org/mockjs/download/mockjs-1.0.1-beta3.tgz",
      "integrity": "sha1-0jTzwnJWOXVk8slVFC6JGQlTcgk=",
      "dev": true,
      "requires": {
        "commander": "2.15.1"
      }
    }
  }
}
